# This file is generated by running "yarn install" inside your project.
# Manual changes might be lost - proceed with caution!

__metadata:
  version: 6
  cacheKey: 8

"@types/nearley@npm:^2.11.2":
  version: 2.11.2
  resolution: "@types/nearley@npm:2.11.2"
  checksum: 478fe70ee79a414b848b49d4f2afd6d290890159b37cf38e635b2111ccc0fe7671a43284a4d465b1e75244eff7521c3aae29ad3094d1affb8b5d209d7896f0f6
  languageName: node
  linkType: hard

"commander@npm:^2.19.0":
  version: 2.20.3
  resolution: "commander@npm:2.20.3"
  checksum: ab8c07884e42c3a8dbc5dd9592c606176c7eb5c1ca5ff274bcf907039b2c41de3626f684ea75ccf4d361ba004bbaff1f577d5384c155f3871e456bdf27becf9e
  languageName: node
  linkType: hard

"discontinuous-range@npm:1.0.0":
  version: 1.0.0
  resolution: "discontinuous-range@npm:1.0.0"
  checksum: 8ee88d7082445b6eadc7c03bebe6dc978f96760c45e9f65d16ca66174d9e086a9e3855ee16acf65625e1a07a846a17de674f02a5964a6aebe5963662baf8b5c8
  languageName: node
  linkType: hard

"moo@npm:^0.5.0":
  version: 0.5.2
  resolution: "moo@npm:0.5.2"
  checksum: 5a41ddf1059fd0feb674d917c4774e41c877f1ca980253be4d3aae1a37f4bc513f88815041243f36f5cf67a62fb39324f3f997cf7fb17b6cb00767c165e7c499
  languageName: node
  linkType: hard

"nearley@npm:2.20.1":
  version: 2.20.1
  resolution: "nearley@npm:2.20.1"
  dependencies:
    commander: ^2.19.0
    moo: ^0.5.0
    railroad-diagrams: ^1.0.0
    randexp: 0.4.6
  bin:
    nearley-railroad: bin/nearley-railroad.js
    nearley-test: bin/nearley-test.js
    nearley-unparse: bin/nearley-unparse.js
    nearleyc: bin/nearleyc.js
  checksum: 42c2c330c13c7991b48221c5df00f4352c2f8851636ae4d1f8ca3c8e193fc1b7668c78011d1cad88cca4c1c4dc087425420629c19cc286d7598ec15533aaef26
  languageName: node
  linkType: hard

"nearley@patch:nearley@npm%3A2.20.1#./.yarn/patches/nearley-npm-2.20.1-2e130941d3.patch::locator=seansfkelley.github.io%40workspace%3A.":
  version: 2.20.1
  resolution: "nearley@patch:nearley@npm%3A2.20.1#./.yarn/patches/nearley-npm-2.20.1-2e130941d3.patch::version=2.20.1&hash=c858fd&locator=seansfkelley.github.io%40workspace%3A."
  dependencies:
    commander: ^2.19.0
    moo: ^0.5.0
    railroad-diagrams: ^1.0.0
    randexp: 0.4.6
  bin:
    nearley-railroad: bin/nearley-railroad.js
    nearley-test: bin/nearley-test.js
    nearley-unparse: bin/nearley-unparse.js
    nearleyc: bin/nearleyc.js
  checksum: 77cc5baa297e87b0fa1797b684344d37b675a2e6708dd84dc6917b4b74d8164b201912c3db99729ed19c5b55050e8b0a73ff9c604fd6e7a06762a90d7b7e632d
  languageName: node
  linkType: hard

"railroad-diagrams@npm:^1.0.0":
  version: 1.0.0
  resolution: "railroad-diagrams@npm:1.0.0"
  checksum: 9e312af352b5ed89c2118edc0c06cef2cc039681817f65266719606e4e91ff6ae5374c707cc9033fe29a82c2703edf3c63471664f97f0167c85daf6f93496319
  languageName: node
  linkType: hard

"randexp@npm:0.4.6":
  version: 0.4.6
  resolution: "randexp@npm:0.4.6"
  dependencies:
    discontinuous-range: 1.0.0
    ret: ~0.1.10
  checksum: 3c0d440a3f89d6d36844aa4dd57b5cdb0cab938a41956a16da743d3a3578ab32538fc41c16cc0984b6938f2ae4cbc0216967e9829e52191f70e32690d8e3445d
  languageName: node
  linkType: hard

"ret@npm:~0.1.10":
  version: 0.1.15
  resolution: "ret@npm:0.1.15"
  checksum: d76a9159eb8c946586567bd934358dfc08a36367b3257f7a3d7255fdd7b56597235af23c6afa0d7f0254159e8051f93c918809962ebd6df24ca2a83dbe4d4151
  languageName: node
  linkType: hard

"seansfkelley.github.io@workspace:.":
  version: 0.0.0-use.local
  resolution: "seansfkelley.github.io@workspace:."
  dependencies:
    "@types/nearley": ^2.11.2
    nearley: ^2.20.1
    typescript: ^5.1.6
  languageName: unknown
  linkType: soft

"typescript@npm:^5.1.6":
  version: 5.1.6
  resolution: "typescript@npm:5.1.6"
  bin:
    tsc: bin/tsc
    tsserver: bin/tsserver
  checksum: b2f2c35096035fe1f5facd1e38922ccb8558996331405eb00a5111cc948b2e733163cc22fab5db46992aba7dd520fff637f2c1df4996ff0e134e77d3249a7350
  languageName: node
  linkType: hard

"typescript@patch:typescript@^5.1.6#~builtin<compat/typescript>":
  version: 5.1.6
  resolution: "typescript@patch:typescript@npm%3A5.1.6#~builtin<compat/typescript>::version=5.1.6&hash=5da071"
  bin:
    tsc: bin/tsc
    tsserver: bin/tsserver
  checksum: f53bfe97f7c8b2b6d23cf572750d4e7d1e0c5fff1c36d859d0ec84556a827b8785077bc27676bf7e71fae538e517c3ecc0f37e7f593be913d884805d931bc8be
  languageName: node
  linkType: hard
